
Microsoft Visual Studio Solution File, Format Version 12.00
# Visual Studio Version 17
VisualStudioVersion = 17.5.33516.290
MinimumVisualStudioVersion = 10.0.40219.1
Project("{FAE04EC0-301F-11D3-BF4B-00C04F79EFBC}") = "BookStoreApp.API", "BookStoreApp.API\BookStoreApp.API.csproj", "{3AB52F27-B265-4183-9C37-525A0EF0A561}"
EndProject
Global
	GlobalSection(SolutionConfigurationPlatforms) = preSolution
		Debug|Any CPU = Debug|Any CPU
		Release|Any CPU = Release|Any CPU
	EndGlobalSection
	GlobalSection(ProjectConfigurationPlatforms) = postSolution
		{3AB52F27-B265-4183-9C37-525A0EF0A561}.Debug|Any CPU.ActiveCfg = Debug|Any CPU
		{3AB52F27-B265-4183-9C37-525A0EF0A561}.Debug|Any CPU.Build.0 = Debug|Any CPU
		{3AB52F27-B265-4183-9C37-525A0EF0A561}.Release|Any CPU.ActiveCfg = Release|Any CPU
		{3AB52F27-B265-4183-9C37-525A0EF0A561}.Release|Any CPU.Build.0 = Release|Any CPU
	EndGlobalSection
	GlobalSection(SolutionProperties) = preSolution
		HideSolutionNode = FALSE
	EndGlobalSection
	GlobalSection(ExtensibilityGlobals) = postSolution
		SolutionGuid = {6FE527B1-D42E-4894-B6C1-EA68A8779D69}
	EndGlobalSection
EndGlobal
